
Microsoft Visual Studio Solution File, Format Version 12.00
# Visual Studio Version 17
VisualStudioVersion = 17.9.34622.214
MinimumVisualStudioVersion = 10.0.40219.1
Project("{FAE04EC0-301F-11D3-BF4B-00C04F79EFBC}") = "constructor", "constructor\constructor.csproj", "{24C89AAF-ED98-4467-AABF-4C531C21020B}"
EndProject
Global
	GlobalSection(SolutionConfigurationPlatforms) = preSolution
		Debug|Any CPU = Debug|Any CPU
		Release|Any CPU = Release|Any CPU
	EndGlobalSection
	GlobalSection(ProjectConfigurationPlatforms) = postSolution
		{24C89AAF-ED98-4467-AABF-4C531C21020B}.Debug|Any CPU.ActiveCfg = Debug|Any CPU
		{24C89AAF-ED98-4467-AABF-4C531C21020B}.Debug|Any CPU.Build.0 = Debug|Any CPU
		{24C89AAF-ED98-4467-AABF-4C531C21020B}.Release|Any CPU.ActiveCfg = Release|Any CPU
		{24C89AAF-ED98-4467-AABF-4C531C21020B}.Release|Any CPU.Build.0 = Release|Any CPU
	EndGlobalSection
	GlobalSection(SolutionProperties) = preSolution
		HideSolutionNode = FALSE
	EndGlobalSection
	GlobalSection(ExtensibilityGlobals) = postSolution
		SolutionGuid = {33009FF2-2CE2-4676-95FF-13238BCE0233}
	EndGlobalSection
EndGlobal
